
Microsoft Visual Studio Solution File, Format Version 12.00
# Visual Studio Version 16
VisualStudioVersion = 16.0.29728.190
MinimumVisualStudioVersion = 10.0.40219.1
Project("{FAE04EC0-301F-11D3-BF4B-00C04F79EFBC}") = "Milestone1", "Milestone1\Milestone1.csproj", "{9029690B-66BC-473F-BAB4-D52FFCC7F640}"
EndProject
Global
	GlobalSection(SolutionConfigurationPlatforms) = preSolution
		Debug|Any CPU = Debug|Any CPU
		Release|Any CPU = Release|Any CPU
	EndGlobalSection
	GlobalSection(ProjectConfigurationPlatforms) = postSolution
		{9029690B-66BC-473F-BAB4-D52FFCC7F640}.Debug|Any CPU.ActiveCfg = Debug|Any CPU
		{9029690B-66BC-473F-BAB4-D52FFCC7F640}.Debug|Any CPU.Build.0 = Debug|Any CPU
		{9029690B-66BC-473F-BAB4-D52FFCC7F640}.Release|Any CPU.ActiveCfg = Release|Any CPU
		{9029690B-66BC-473F-BAB4-D52FFCC7F640}.Release|Any CPU.Build.0 = Release|Any CPU
	EndGlobalSection
	GlobalSection(SolutionProperties) = preSolution
		HideSolutionNode = FALSE
	EndGlobalSection
	GlobalSection(ExtensibilityGlobals) = postSolution
		SolutionGuid = {90A2591D-CD8B-4C38-BF32-35A0B357A9E9}
	EndGlobalSection
EndGlobal
